
Microsoft Visual Studio Solution File, Format Version 12.00
# Visual Studio Version 16
VisualStudioVersion = 16.0.31613.86
MinimumVisualStudioVersion = 10.0.40219.1
Project("{9A19103F-16F7-4668-BE54-9A1E7A4F7556}") = "CheckTime.Common", "CheckTime.Common\CheckTime.Common.csproj", "{98A19665-F969-43EA-8C92-9C2F4F3E4E33}"
EndProject
Project("{9A19103F-16F7-4668-BE54-9A1E7A4F7556}") = "CheckTime.Functions", "CheckTime.Functions\CheckTime.Functions.csproj", "{D0846544-DFEF-4AE7-99BF-E622809A34F9}"
EndProject
Project("{9A19103F-16F7-4668-BE54-9A1E7A4F7556}") = "CheckTime.Test", "CheckTime.Test\CheckTime.Test.csproj", "{BB8C7269-D024-402A-B2F7-197191181C21}"
EndProject
Global
	GlobalSection(SolutionConfigurationPlatforms) = preSolution
		Debug|Any CPU = Debug|Any CPU
		Release|Any CPU = Release|Any CPU
	EndGlobalSection
	GlobalSection(ProjectConfigurationPlatforms) = postSolution
		{98A19665-F969-43EA-8C92-9C2F4F3E4E33}.Debug|Any CPU.ActiveCfg = Debug|Any CPU
		{98A19665-F969-43EA-8C92-9C2F4F3E4E33}.Debug|Any CPU.Build.0 = Debug|Any CPU
		{98A19665-F969-43EA-8C92-9C2F4F3E4E33}.Release|Any CPU.ActiveCfg = Release|Any CPU
		{98A19665-F969-43EA-8C92-9C2F4F3E4E33}.Release|Any CPU.Build.0 = Release|Any CPU
		{D0846544-DFEF-4AE7-99BF-E622809A34F9}.Debug|Any CPU.ActiveCfg = Debug|Any CPU
		{D0846544-DFEF-4AE7-99BF-E622809A34F9}.Debug|Any CPU.Build.0 = Debug|Any CPU
		{D0846544-DFEF-4AE7-99BF-E622809A34F9}.Release|Any CPU.ActiveCfg = Release|Any CPU
		{D0846544-DFEF-4AE7-99BF-E622809A34F9}.Release|Any CPU.Build.0 = Release|Any CPU
		{BB8C7269-D024-402A-B2F7-197191181C21}.Debug|Any CPU.ActiveCfg = Debug|Any CPU
		{BB8C7269-D024-402A-B2F7-197191181C21}.Debug|Any CPU.Build.0 = Debug|Any CPU
		{BB8C7269-D024-402A-B2F7-197191181C21}.Release|Any CPU.ActiveCfg = Release|Any CPU
		{BB8C7269-D024-402A-B2F7-197191181C21}.Release|Any CPU.Build.0 = Release|Any CPU
	EndGlobalSection
	GlobalSection(SolutionProperties) = preSolution
		HideSolutionNode = FALSE
	EndGlobalSection
	GlobalSection(ExtensibilityGlobals) = postSolution
		SolutionGuid = {6552F330-0601-45CB-BDF9-E74B48BF5AAD}
	EndGlobalSection
EndGlobal
